PODS:
  - Flutter (1.0.0)
  - flutter_mob_share (0.0.1):
    - Flutter
    - MJExtension
    - mob_sharesdk
    - mob_sharesdk/ShareSDKPlatforms/QQ
    - mob_sharesdk/ShareSDKPlatforms/SinaWeibo
    - mob_sharesdk/ShareSDKPlatforms/WeChatFull
  - MJExtension (3.0.17)
  - mob_sharesdk (4.2.6):
    - mob_sharesdk/ShareSDK (= 4.2.6)
    - MOBFoundation
  - mob_sharesdk/ShareSDK (4.2.6):
    - MOBFoundation
  - mob_sharesdk/ShareSDKPlatforms/QQ (4.2.6):
    - mob_sharesdk/ShareSDK
    - MOBFoundation
  - mob_sharesdk/ShareSDKPlatforms/SinaWeibo (4.2.6):
    - mob_sharesdk/ShareSDK
    - MOBFoundation
  - mob_sharesdk/ShareSDKPlatforms/WeChatFull (4.2.6):
    - mob_sharesdk/ShareSDK
    - MOBFoundation
  - MOBFoundation (3.2.2)

DEPENDENCIES:
  - Flutter (from `.symlinks/flutter/ios`)
  - flutter_mob_share (from `.symlinks/plugins/flutter_mob_share/ios`)

SPEC REPOS:
  https://github.com/cocoapods/specs.git:
    - MJExtension
    - mob_sharesdk
    - MOBFoundation

EXTERNAL SOURCES:
  Flutter:
    :path: ".symlinks/flutter/ios"
  flutter_mob_share:
    :path: ".symlinks/plugins/flutter_mob_share/ios"

SPEC CHECKSUMS:
  Flutter: 9d0fac939486c9aba2809b7982dfdbb47a7b0296
  flutter_mob_share: 8c3c02023334be554472a484738f5356bf082801
  MJExtension: 74ec83124a68891619fb7ba9c5c811bbf1691076
  mob_sharesdk: e993f357a6f1581a956aea16ea142c9de0425bf7
  MOBFoundation: b5ff4038ddb9a0f06b685b86408f905a10aa147c

PODFILE CHECKSUM: aff02bfeed411c636180d6812254b2daeea14d09

COCOAPODS: 1.5.3
